
Microsoft Visual Studio Solution File, Format Version 12.00
# Visual Studio Version 17
VisualStudioVersion = 17.5.33530.505
MinimumVisualStudioVersion = 10.0.40219.1
Project("{888888A0-9F3D-457C-B088-3A5042F75D52}") = "scratch-Battlesnake", "scratch-Battlesnake.pyproj", "{7363523A-CEB3-4238-8C6F-FC3CC47B0FFB}"
EndProject
Global
	GlobalSection(SolutionConfigurationPlatforms) = preSolution
		Debug|Any CPU = Debug|Any CPU
		Release|Any CPU = Release|Any CPU
	EndGlobalSection
	GlobalSection(ProjectConfigurationPlatforms) = postSolution
		{7363523A-CEB3-4238-8C6F-FC3CC47B0FFB}.Debug|Any CPU.ActiveCfg = Debug|Any CPU
		{7363523A-CEB3-4238-8C6F-FC3CC47B0FFB}.Release|Any CPU.ActiveCfg = Release|Any CPU
	EndGlobalSection
	GlobalSection(SolutionProperties) = preSolution
		HideSolutionNode = FALSE
	EndGlobalSection
	GlobalSection(ExtensibilityGlobals) = postSolution
		SolutionGuid = {4DA017ED-4B1A-47FE-92CF-F908C88BE1C2}
	EndGlobalSection
EndGlobal
